// !$*UTF8*$!
{
	archiveVersion = 1;
	classes = {
	};
	objectVersion = 56;
	objects = {

/* Begin PBXBuildFile section */
		A3083DF22B72D17A0079350B /* Assets.xcassets in Resources */ = {isa = PBXBuildFile; fileRef = A3083DF12B72D17A0079350B /* Assets.xcassets */; };
		A3083DF72B72F0140079350B /* 2.png in Resources */ = {isa = PBXBuildFile; fileRef = A3083DF52B72F0140079350B /* 2.png */; };
		A3083DF82B72F0140079350B /* 1.png in Resources */ = {isa = PBXBuildFile; fileRef = A3083DF62B72F0140079350B /* 1.png */; };
		A3F038E42B725270003EE211 /* TaskManagementSUIApp.swift in Sources */ = {isa = PBXBuildFile; fileRef = A3F038E32B725270003EE211 /* TaskManagementSUIApp.swift */; };
		A3F038E62B725270003EE211 /* ContentView.swift in Sources */ = {isa = PBXBuildFile; fileRef = A3F038E52B725270003EE211 /* ContentView.swift */; };
		A3F038EB2B725271003EE211 /* Preview Assets.xcassets in Resources */ = {isa = PBXBuildFile; fileRef = A3F038EA2B725271003EE211 /* Preview Assets.xcassets */; };
		A3F038F42B7252C3003EE211 /* Task.swift in Sources */ = {isa = PBXBuildFile; fileRef = A3F038F32B7252C3003EE211 /* Task.swift */; };
		A3F038F82B72531A003EE211 /* TaskViewModel.swift in Sources */ = {isa = PBXBuildFile; fileRef = A3F038F72B72531A003EE211 /* TaskViewModel.swift */; };
		A3F038FC2B725497003EE211 /* Home.swift in Sources */ = {isa = PBXBuildFile; fileRef = A3F038FB2B725497003EE211 /* Home.swift */; };
/* End PBXBuildFile section */

/* Begin PBXFileReference section */
		A3083DF12B72D17A0079350B /* Assets.xcassets */ = {isa = PBXFileReference; lastKnownFileType = folder.assetcatalog; path = Assets.xcassets; sourceTree = "<group>"; };
		A3083DF32B72EFC10079350B /* README.md */ = {isa = PBXFileReference; lastKnownFileType = net.daringfireball.markdown; path = README.md; sourceTree = "<group>"; };
		A3083DF52B72F0140079350B /* 2.png */ = {isa = PBXFileReference; lastKnownFileType = image.png; path = 2.png; sourceTree = "<group>"; };
		A3083DF62B72F0140079350B /* 1.png */ = {isa = PBXFileReference; lastKnownFileType = image.png; path = 1.png; sourceTree = "<group>"; };
		A3F038E02B725270003EE211 /* TaskManagementSUI.app */ = {isa = PBXFileReference; explicitFileType = wrapper.application; includeInIndex = 0; path = TaskManagementSUI.app; sourceTree = BUILT_PRODUCTS_DIR; };
		A3F038E32B725270003EE211 /* TaskManagementSUIApp.swift */ = {isa = PBXFileReference; lastKnownFileType = sourcecode.swift; path = TaskManagementSUIApp.swift; sourceTree = "<group>"; };
		A3F038E52B725270003EE211 /* ContentView.swift */ = {isa = PBXFileReference; lastKnownFileType = sourcecode.swift; path = ContentView.swift; sourceTree = "<group>"; };
		A3F038EA2B725271003EE211 /* Preview Assets.xcassets */ = {isa = PBXFileReference; lastKnownFileType = folder.assetcatalog; path = "Preview Assets.xcassets"; sourceTree = "<group>"; };
		A3F038F32B7252C3003EE211 /* Task.swift */ = {isa = PBXFileReference; lastKnownFileType = sourcecode.swift; path = Task.swift; sourceTree = "<group>"; };
		A3F038F72B72531A003EE211 /* TaskViewModel.swift */ = {isa = PBXFileReference; lastKnownFileType = sourcecode.swift; path = TaskViewModel.swift; sourceTree = "<group>"; };
		A3F038FB2B725497003EE211 /* Home.swift */ = {isa = PBXFileReference; lastKnownFileType = sourcecode.swift; path = Home.swift; sourceTree = "<group>"; };
/* End PBXFileReference section */

/* Begin PBXFrameworksBuildPhase section */
		A3F038DD2B725270003EE211 /* Frameworks */ = {
			isa = PBXFrameworksBuildPhase;
			buildActionMask = 2147483647;
			files = (
			);
			runOnlyForDeploymentPostprocessing = 0;
		};
/* End PBXFrameworksBuildPhase section */

/* Begin PBXGroup section */
		A3083DF42B72EFEF0079350B /* github-images */ = {
			isa = PBXGroup;
			children = (
				A3083DF62B72F0140079350B /* 1.png */,
				A3083DF52B72F0140079350B /* 2.png */,
			);
			path = "github-images";
			sourceTree = "<group>";
		};
		A3F038D72B725270003EE211 = {
			isa = PBXGroup;
			children = (
				A3083DF32B72EFC10079350B /* README.md */,
				A3083DF42B72EFEF0079350B /* github-images */,
				A3F038E22B725270003EE211 /* TaskManagementSUI */,
				A3F038E12B725270003EE211 /* Products */,
			);
			sourceTree = "<group>";
		};
		A3F038E12B725270003EE211 /* Products */ = {
			isa = PBXGroup;
			children = (
				A3F038E02B725270003EE211 /* TaskManagementSUI.app */,
			);
			name = Products;
			sourceTree = "<group>";
		};
		A3F038E22B725270003EE211 /* TaskManagementSUI */ = {
			isa = PBXGroup;
			children = (
				A3F038E52B725270003EE211 /* ContentView.swift */,
				A3F038E32B725270003EE211 /* TaskManagementSUIApp.swift */,
				A3083DF12B72D17A0079350B /* Assets.xcassets */,
				A3F038F12B7252AE003EE211 /* Model */,
				A3F038E92B725271003EE211 /* Preview Content */,
				A3F038F22B7252B3003EE211 /* View */,
				A3F038F52B72530C003EE211 /* ViewModel */,
			);
			path = TaskManagementSUI;
			sourceTree = "<group>";
		};
		A3F038E92B725271003EE211 /* Preview Content */ = {
			isa = PBXGroup;
			children = (
				A3F038EA2B725271003EE211 /* Preview Assets.xcassets */,
			);
			path = "Preview Content";
			sourceTree = "<group>";
		};
		A3F038F12B7252AE003EE211 /* Model */ = {
			isa = PBXGroup;
			children = (
				A3F038F32B7252C3003EE211 /* Task.swift */,
			);
			path = Model;
			sourceTree = "<group>";
		};
		A3F038F22B7252B3003EE211 /* View */ = {
			isa = PBXGroup;
			children = (
				A3F038FB2B725497003EE211 /* Home.swift */,
			);
			path = View;
			sourceTree = "<group>";
		};
		A3F038F52B72530C003EE211 /* ViewModel */ = {
			isa = PBXGroup;
			children = (
				A3F038F72B72531A003EE211 /* TaskViewModel.swift */,
			);
			path = ViewModel;
			sourceTree = "<group>";
		};
/* End PBXGroup section */

/* Begin PBXNativeTarget section */
		A3F038DF2B725270003EE211 /* TaskManagementSUI */ = {
			isa = PBXNativeTarget;
			buildConfigurationList = A3F038EE2B725271003EE211 /* Build configuration list for PBXNativeTarget "TaskManagementSUI" */;
			buildPhases = (
				A3F038DC2B725270003EE211 /* Sources */,
				A3F038DD2B725270003EE211 /* Frameworks */,
				A3F038DE2B725270003EE211 /* Resources */,
			);
			buildRules = (
			);
			dependencies = (
			);
			name = TaskManagementSUI;
			productName = TaskManagementSUI;
			productReference = A3F038E02B725270003EE211 /* TaskManagementSUI.app */;
			productType = "com.apple.product-type.application";
		};
/* End PBXNativeTarget section */

/* Begin PBXProject section */
		A3F038D82B725270003EE211 /* Project object */ = {
			isa = PBXProject;
			attributes = {
				BuildIndependentTargetsInParallel = 1;
				LastSwiftUpdateCheck = 1520;
				LastUpgradeCheck = 1520;
				TargetAttributes = {
					A3F038DF2B725270003EE211 = {
						CreatedOnToolsVersion = 15.2;
					};
				};
			};
			buildConfigurationList = A3F038DB2B725270003EE211 /* Build configuration list for PBXProject "TaskManagementSUI" */;
			compatibilityVersion = "Xcode 14.0";
			developmentRegion = en;
			hasScannedForEncodings = 0;
			knownRegions = (
				en,
				Base,
			);
			mainGroup = A3F038D72B725270003EE211;
			productRefGroup = A3F038E12B725270003EE211 /* Products */;
			projectDirPath = "";
			projectRoot = "";
			targets = (
				A3F038DF2B725270003EE211 /* TaskManagementSUI */,
			);
		};
/* End PBXProject section */

/* Begin PBXResourcesBuildPhase section */
		A3F038DE2B725270003EE211 /* Resources */ = {
			isa = PBXResourcesBuildPhase;
			buildActionMask = 2147483647;
			files = (
				A3083DF72B72F0140079350B /* 2.png in Resources */,
				A3F038EB2B725271003EE211 /* Preview Assets.xcassets in Resources */,
				A3083DF82B72F0140079350B /* 1.png in Resources */,
				A3083DF22B72D17A0079350B /* Assets.xcassets in Resources */,
			);
			runOnlyForDeploymentPostprocessing = 0;
		};
/* End PBXResourcesBuildPhase section */

/* Begin PBXSourcesBuildPhase section */
		A3F038DC2B725270003EE211 /* Sources */ = {
			isa = PBXSourcesBuildPhase;
			buildActionMask = 2147483647;
			files = (
				A3F038E62B725270003EE211 /* ContentView.swift in Sources */,
				A3F038F82B72531A003EE211 /* TaskViewModel.swift in Sources */,
				A3F038FC2B725497003EE211 /* Home.swift in Sources */,
				A3F038F42B7252C3003EE211 /* Task.swift in Sources */,
				A3F038E42B725270003EE211 /* TaskManagementSUIApp.swift in Sources */,
			);
			runOnlyForDeploymentPostprocessing = 0;
		};
/* End PBXSourcesBuildPhase section */

/* Begin XCBuildConfiguration section */
		A3F038EC2B725271003EE211 /* Debug */ = {
			isa = XCBuildConfiguration;
			buildSettings = {
				ALWAYS_SEARCH_USER_PATHS = NO;
				ASSETCATALOG_COMPILER_GENERATE_SWIFT_ASSET_SYMBOL_EXTENSIONS = YES;
				CLANG_ANALYZER_NONNULL = YES;
				CLANG_ANALYZER_NUMBER_OBJECT_CONVERSION = YES_AGGRESSIVE;
				CLANG_CXX_LANGUAGE_STANDARD = "gnu++20";
				CLANG_ENABLE_MODULES = YES;
				CLANG_ENABLE_OBJC_ARC = YES;
				CLANG_ENABLE_OBJC_WEAK = YES;
				CLANG_WARN_BLOCK_CAPTURE_AUTORELEASING = YES;
				CLANG_WARN_BOOL_CONVERSION = YES;
				CLANG_WARN_COMMA = YES;
				CLANG_WARN_CONSTANT_CONVERSION = YES;
				CLANG_WARN_DEPRECATED_OBJC_IMPLEMENTATIONS = YES;
				CLANG_WARN_DIRECT_OBJC_ISA_USAGE = YES_ERROR;
				CLANG_WARN_DOCUMENTATION_COMMENTS = YES;
				CLANG_WARN_EMPTY_BODY = YES;
				CLANG_WARN_ENUM_CONVERSION = YES;
				CLANG_WARN_INFINITE_RECURSION = YES;
				CLANG_WARN_INT_CONVERSION = YES;
				CLANG_WARN_NON_LITERAL_NULL_CONVERSION = YES;
				CLANG_WARN_OBJC_IMPLICIT_RETAIN_SELF = YES;
				CLANG_WARN_OBJC_LITERAL_CONVERSION = YES;
				CLANG_WARN_OBJC_ROOT_CLASS = YES_ERROR;
				CLANG_WARN_QUOTED_INCLUDE_IN_FRAMEWORK_HEADER = YES;
				CLANG_WARN_RANGE_LOOP_ANALYSIS = YES;
				CLANG_WARN_STRICT_PROTOTYPES = YES;
				CLANG_WARN_SUSPICIOUS_MOVE = YES;
				CLANG_WARN_UNGUARDED_AVAILABILITY = YES_AGGRESSIVE;
				CLANG_WARN_UNREACHABLE_CODE = YES;
				CLANG_WARN__DUPLICATE_METHOD_MATCH = YES;
				COPY_PHASE_STRIP = NO;
				DEBUG_INFORMATION_FORMAT = dwarf;
				ENABLE_STRICT_OBJC_MSGSEND = YES;
				ENABLE_TESTABILITY = YES;
				ENABLE_USER_SCRIPT_SANDBOXING = YES;
				GCC_C_LANGUAGE_STANDARD = gnu17;
				GCC_DYNAMIC_NO_PIC = NO;
				GCC_NO_COMMON_BLOCKS = YES;
				GCC_OPTIMIZATION_LEVEL = 0;
				GCC_PREPROCESSOR_DEFINITIONS = (
					"DEBUG=1",
					"$(inherited)",
				);
				GCC_WARN_64_TO_32_BIT_CONVERSION = YES;
				GCC_WARN_ABOUT_RETURN_TYPE = YES_ERROR;
				GCC_WARN_UNDECLARED_SELECTOR = YES;
				GCC_WARN_UNINITIALIZED_AUTOS = YES_AGGRESSIVE;
				GCC_WARN_UNUSED_FUNCTION = YES;
				GCC_WARN_UNUSED_VARIABLE = YES;
				IPHONEOS_DEPLOYMENT_TARGET = 17.2;
				LOCALIZATION_PREFERS_STRING_CATALOGS = YES;
				MTL_ENABLE_DEBUG_INFO = INCLUDE_SOURCE;
				MTL_FAST_MATH = YES;
				ONLY_ACTIVE_ARCH = YES;
				SDKROOT = iphoneos;
				SWIFT_ACTIVE_COMPILATION_CONDITIONS = "DEBUG $(inherited)";
				SWIFT_OPTIMIZATION_LEVEL = "-Onone";
			};
			name = Debug;
		};
		A3F038ED2B725271003EE211 /* Release */ = {
			isa = XCBuildConfiguration;
			buildSettings = {
				ALWAYS_SEARCH_USER_PATHS = NO;
				ASSETCATALOG_COMPILER_GENERATE_SWIFT_ASSET_SYMBOL_EXTENSIONS = YES;
				CLANG_ANALYZER_NONNULL = YES;
				CLANG_ANALYZER_NUMBER_OBJECT_CONVERSION = YES_AGGRESSIVE;
				CLANG_CXX_LANGUAGE_STANDARD = "gnu++20";
				CLANG_ENABLE_MODULES = YES;
				CLANG_ENABLE_OBJC_ARC = YES;
				CLANG_ENABLE_OBJC_WEAK = YES;
				CLANG_WARN_BLOCK_CAPTURE_AUTORELEASING = YES;
				CLANG_WARN_BOOL_CONVERSION = YES;
				CLANG_WARN_COMMA = YES;
				CLANG_WARN_CONSTANT_CONVERSION = YES;
				CLANG_WARN_DEPRECATED_OBJC_IMPLEMENTATIONS = YES;
				CLANG_WARN_DIRECT_OBJC_ISA_USAGE = YES_ERROR;
				CLANG_WARN_DOCUMENTATION_COMMENTS = YES;
				CLANG_WARN_EMPTY_BODY = YES;
				CLANG_WARN_ENUM_CONVERSION = YES;
				CLANG_WARN_INFINITE_RECURSION = YES;
				CLANG_WARN_INT_CONVERSION = YES;
				CLANG_WARN_NON_LITERAL_NULL_CONVERSION = YES;
				CLANG_WARN_OBJC_IMPLICIT_RETAIN_SELF = YES;
				CLANG_WARN_OBJC_LITERAL_CONVERSION = YES;
				CLANG_WARN_OBJC_ROOT_CLASS = YES_ERROR;
				CLANG_WARN_QUOTED_INCLUDE_IN_FRAMEWORK_HEADER = YES;
				CLANG_WARN_RANGE_LOOP_ANALYSIS = YES;
				CLANG_WARN_STRICT_PROTOTYPES = YES;
				CLANG_WARN_SUSPICIOUS_MOVE = YES;
				CLANG_WARN_UNGUARDED_AVAILABILITY = YES_AGGRESSIVE;
				CLANG_WARN_UNREACHABLE_CODE = YES;
				CLANG_WARN__DUPLICATE_METHOD_MATCH = YES;
				COPY_PHASE_STRIP = NO;
				DEBUG_INFORMATION_FORMAT = "dwarf-with-dsym";
				ENABLE_NS_ASSERTIONS = NO;
				ENABLE_STRICT_OBJC_MSGSEND = YES;
				ENABLE_USER_SCRIPT_SANDBOXING = YES;
				GCC_C_LANGUAGE_STANDARD = gnu17;
				GCC_NO_COMMON_BLOCKS = YES;
				GCC_WARN_64_TO_32_BIT_CONVERSION = YES;
				GCC_WARN_ABOUT_RETURN_TYPE = YES_ERROR;
				GCC_WARN_UNDECLARED_SELECTOR = YES;
				GCC_WARN_UNINITIALIZED_AUTOS = YES_AGGRESSIVE;
				GCC_WARN_UNUSED_FUNCTION = YES;
				GCC_WARN_UNUSED_VARIABLE = YES;
				IPHONEOS_DEPLOYMENT_TARGET = 17.2;
				LOCALIZATION_PREFERS_STRING_CATALOGS = YES;
				MTL_ENABLE_DEBUG_INFO = NO;
				MTL_FAST_MATH = YES;
				SDKROOT = iphoneos;
				SWIFT_COMPILATION_MODE = wholemodule;
				VALIDATE_PRODUCT = YES;
			};
			name = Release;
		};
		A3F038EF2B725271003EE211 /* Debug */ = {
			isa = XCBuildConfiguration;
			buildSettings = {
				ASSETCATALOG_COMPILER_APPICON_NAME = AppIcon;
				ASSETCATALOG_COMPILER_GLOBAL_ACCENT_COLOR_NAME = AccentColor;
				CODE_SIGN_STYLE = Automatic;
				CURRENT_PROJECT_VERSION = 1;
				DEVELOPMENT_ASSET_PATHS = "\"TaskManagementSUI/Preview Content\"";
				DEVELOPMENT_TEAM = NF5X2BH93G;
				ENABLE_PREVIEWS = YES;
				GENERATE_INFOPLIST_FILE = YES;
				INFOPLIST_KEY_UIApplicationSceneManifest_Generation = YES;
				INFOPLIST_KEY_UIApplicationSupportsIndirectInputEvents = YES;
				INFOPLIST_KEY_UILaunchScreen_Generation = YES;
				INFOPLIST_KEY_UISupportedInterfaceOrientations_iPad = "UIInterfaceOrientationPortrait UIInterfaceOrientationPortraitUpsideDown UIInterfaceOrientationLandscapeLeft UIInterfaceOrientationLandscapeRight";
				INFOPLIST_KEY_UISupportedInterfaceOrientations_iPhone = "UIInterfaceOrientationPortrait UIInterfaceOrientationLandscapeLeft UIInterfaceOrientationLandscapeRight";
				INFOPLIST_KEY_UIUserInterfaceStyle = Light;
				LD_RUNPATH_SEARCH_PATHS = (
					"$(inherited)",
					"@executable_path/Frameworks",
				);
				MARKETING_VERSION = 1.0;
				PRODUCT_BUNDLE_IDENTIFIER = ru.yanmoroz.TaskManagementSUI;
				PRODUCT_NAME = "$(TARGET_NAME)";
				SWIFT_EMIT_LOC_STRINGS = YES;
				SWIFT_VERSION = 5.0;
				TARGETED_DEVICE_FAMILY = "1,2";
			};
			name = Debug;
		};
		A3F038F02B725271003EE211 /* Release */ = {
			isa = XCBuildConfiguration;
			buildSettings = {
				ASSETCATALOG_COMPILER_APPICON_NAME = AppIcon;
				ASSETCATALOG_COMPILER_GLOBAL_ACCENT_COLOR_NAME = AccentColor;
				CODE_SIGN_STYLE = Automatic;
				CURRENT_PROJECT_VERSION = 1;
				DEVELOPMENT_ASSET_PATHS = "\"TaskManagementSUI/Preview Content\"";
				DEVELOPMENT_TEAM = NF5X2BH93G;
				ENABLE_PREVIEWS = YES;
				GENERATE_INFOPLIST_FILE = YES;
				INFOPLIST_KEY_UIApplicationSceneManifest_Generation = YES;
				INFOPLIST_KEY_UIApplicationSupportsIndirectInputEvents = YES;
				INFOPLIST_KEY_UILaunchScreen_Generation = YES;
				INFOPLIST_KEY_UISupportedInterfaceOrientations_iPad = "UIInterfaceOrientationPortrait UIInterfaceOrientationPortraitUpsideDown UIInterfaceOrientationLandscapeLeft UIInterfaceOrientationLandscapeRight";
				INFOPLIST_KEY_UISupportedInterfaceOrientations_iPhone = "UIInterfaceOrientationPortrait UIInterfaceOrientationLandscapeLeft UIInterfaceOrientationLandscapeRight";
				INFOPLIST_KEY_UIUserInterfaceStyle = Light;
				LD_RUNPATH_SEARCH_PATHS = (
					"$(inherited)",
					"@executable_path/Frameworks",
				);
				MARKETING_VERSION = 1.0;
				PRODUCT_BUNDLE_IDENTIFIER = ru.yanmoroz.TaskManagementSUI;
				PRODUCT_NAME = "$(TARGET_NAME)";
				SWIFT_EMIT_LOC_STRINGS = YES;
				SWIFT_VERSION = 5.0;
				TARGETED_DEVICE_FAMILY = "1,2";
			};
			name = Release;
		};
/* End XCBuildConfiguration section */

/* Begin XCConfigurationList section */
		A3F038DB2B725270003EE211 /* Build configuration list for PBXProject "TaskManagementSUI" */ = {
			isa = XCConfigurationList;
			buildConfigurations = (
				A3F038EC2B725271003EE211 /* Debug */,
				A3F038ED2B725271003EE211 /* Release */,
			);
			defaultConfigurationIsVisible = 0;
			defaultConfigurationName = Release;
		};
		A3F038EE2B725271003EE211 /* Build configuration list for PBXNativeTarget "TaskManagementSUI" */ = {
			isa = XCConfigurationList;
			buildConfigurations = (
				A3F038EF2B725271003EE211 /* Debug */,
				A3F038F02B725271003EE211 /* Release */,
			);
			defaultConfigurationIsVisible = 0;
			defaultConfigurationName = Release;
		};
/* End XCConfigurationList section */
	};
	rootObject = A3F038D82B725270003EE211 /* Project object */;
}
